// !$*UTF8*$!
{
	archiveVersion = 1;
	classes = {
	};
	objectVersion = 56;
	objects = {

/* Begin PBXBuildFile section */
		BB523A892A34E05600DB7F56 /* Let_PartyApp.swift in Sources */ = {isa = PBXBuildFile; fileRef = BB523A882A34E05600DB7F56 /* Let_PartyApp.swift */; };
		BB523A8B2A34E05600DB7F56 /* ContentView.swift in Sources */ = {isa = PBXBuildFile; fileRef = BB523A8A2A34E05600DB7F56 /* ContentView.swift */; };
		BB523A8D2A34E05700DB7F56 /* Assets.xcassets in Resources */ = {isa = PBXBuildFile; fileRef = BB523A8C2A34E05700DB7F56 /* Assets.xcassets */; };
		BB523A902A34E05700DB7F56 /* Preview Assets.xcassets in Resources */ = {isa = PBXBuildFile; fileRef = BB523A8F2A34E05700DB7F56 /* Preview Assets.xcassets */; };
		BB523A9A2A34E05700DB7F56 /* Let_PartyTests.swift in Sources */ = {isa = PBXBuildFile; fileRef = BB523A992A34E05700DB7F56 /* Let_PartyTests.swift */; };
		BB523AA42A34E05700DB7F56 /* Let_PartyUITests.swift in Sources */ = {isa = PBXBuildFile; fileRef = BB523AA32A34E05700DB7F56 /* Let_PartyUITests.swift */; };
		BB523AA62A34E05700DB7F56 /* Let_PartyUITestsLaunchTests.swift in Sources */ = {isa = PBXBuildFile; fileRef = BB523AA52A34E05700DB7F56 /* Let_PartyUITestsLaunchTests.swift */; };
/* End PBXBuildFile section */

/* Begin PBXContainerItemProxy section */
		BB523A962A34E05700DB7F56 /* PBXContainerItemProxy */ = {
			isa = PBXContainerItemProxy;
			containerPortal = BB523A7D2A34E05600DB7F56 /* Project object */;
			proxyType = 1;
			remoteGlobalIDString = BB523A842A34E05600DB7F56;
			remoteInfo = "Let Party";
		};
		BB523AA02A34E05700DB7F56 /* PBXContainerItemProxy */ = {
			isa = PBXContainerItemProxy;
			containerPortal = BB523A7D2A34E05600DB7F56 /* Project object */;
			proxyType = 1;
			remoteGlobalIDString = BB523A842A34E05600DB7F56;
			remoteInfo = "Let Party";
		};
/* End PBXContainerItemProxy section */

/* Begin PBXFileReference section */
		BB523A852A34E05600DB7F56 /* Let Party.app */ = {isa = PBXFileReference; explicitFileType = wrapper.application; includeInIndex = 0; path = "Let Party.app"; sourceTree = BUILT_PRODUCTS_DIR; };
		BB523A882A34E05600DB7F56 /* Let_PartyApp.swift */ = {isa = PBXFileReference; lastKnownFileType = sourcecode.swift; path = Let_PartyApp.swift; sourceTree = "<group>"; };
		BB523A8A2A34E05600DB7F56 /* ContentView.swift */ = {isa = PBXFileReference; lastKnownFileType = sourcecode.swift; path = ContentView.swift; sourceTree = "<group>"; };
		BB523A8C2A34E05700DB7F56 /* Assets.xcassets */ = {isa = PBXFileReference; lastKnownFileType = folder.assetcatalog; path = Assets.xcassets; sourceTree = "<group>"; };
		BB523A8F2A34E05700DB7F56 /* Preview Assets.xcassets */ = {isa = PBXFileReference; lastKnownFileType = folder.assetcatalog; path = "Preview Assets.xcassets"; sourceTree = "<group>"; };
		BB523A952A34E05700DB7F56 /* Let PartyTests.xctest */ = {isa = PBXFileReference; explicitFileType = wrapper.cfbundle; includeInIndex = 0; path = "Let PartyTests.xctest"; sourceTree = BUILT_PRODUCTS_DIR; };
		BB523A992A34E05700DB7F56 /* Let_PartyTests.swift */ = {isa = PBXFileReference; lastKnownFileType = sourcecode.swift; path = Let_PartyTests.swift; sourceTree = "<group>"; };
		BB523A9F2A34E05700DB7F56 /* Let PartyUITests.xctest */ = {isa = PBXFileReference; explicitFileType = wrapper.cfbundle; includeInIndex = 0; path = "Let PartyUITests.xctest"; sourceTree = BUILT_PRODUCTS_DIR; };
		BB523AA32A34E05700DB7F56 /* Let_PartyUITests.swift */ = {isa = PBXFileReference; lastKnownFileType = sourcecode.swift; path = Let_PartyUITests.swift; sourceTree = "<group>"; };
		BB523AA52A34E05700DB7F56 /* Let_PartyUITestsLaunchTests.swift */ = {isa = PBXFileReference; lastKnownFileType = sourcecode.swift; path = Let_PartyUITestsLaunchTests.swift; sourceTree = "<group>"; };
/* End PBXFileReference section */

/* Begin PBXFrameworksBuildPhase section */
		BB523A822A34E05600DB7F56 /* Frameworks */ = {
			isa = PBXFrameworksBuildPhase;
			buildActionMask = 2147483647;
			files = (
			);
			runOnlyForDeploymentPostprocessing = 0;
		};
		BB523A922A34E05700DB7F56 /* Frameworks */ = {
			isa = PBXFrameworksBuildPhase;
			buildActionMask = 2147483647;
			files = (
			);
			runOnlyForDeploymentPostprocessing = 0;
		};
		BB523A9C2A34E05700DB7F56 /* Frameworks */ = {
			isa = PBXFrameworksBuildPhase;
			buildActionMask = 2147483647;
			files = (
			);
			runOnlyForDeploymentPostprocessing = 0;
		};
/* End PBXFrameworksBuildPhase section */

/* Begin PBXGroup section */
		BB523A7C2A34E05600DB7F56 = {
			isa = PBXGroup;
			children = (
				BB523A872A34E05600DB7F56 /* Let Party */,
				BB523A982A34E05700DB7F56 /* Let PartyTests */,
				BB523AA22A34E05700DB7F56 /* Let PartyUITests */,
				BB523A862A34E05600DB7F56 /* Products */,
			);
			sourceTree = "<group>";
		};
		BB523A862A34E05600DB7F56 /* Products */ = {
			isa = PBXGroup;
			children = (
				BB523A852A34E05600DB7F56 /* Let Party.app */,
				BB523A952A34E05700DB7F56 /* Let PartyTests.xctest */,
				BB523A9F2A34E05700DB7F56 /* Let PartyUITests.xctest */,
			);
			name = Products;
			sourceTree = "<group>";
		};
		BB523A872A34E05600DB7F56 /* Let Party */ = {
			isa = PBXGroup;
			children = (
				BB523A882A34E05600DB7F56 /* Let_PartyApp.swift */,
				BB523A8A2A34E05600DB7F56 /* ContentView.swift */,
				BB523A8C2A34E05700DB7F56 /* Assets.xcassets */,
				BB523A8E2A34E05700DB7F56 /* Preview Content */,
			);
			path = "Let Party";
			sourceTree = "<group>";
		};
		BB523A8E2A34E05700DB7F56 /* Preview Content */ = {
			isa = PBXGroup;
			children = (
				BB523A8F2A34E05700DB7F56 /* Preview Assets.xcassets */,
			);
			path = "Preview Content";
			sourceTree = "<group>";
		};
		BB523A982A34E05700DB7F56 /* Let PartyTests */ = {
			isa = PBXGroup;
			children = (
				BB523A992A34E05700DB7F56 /* Let_PartyTests.swift */,
			);
			path = "Let PartyTests";
			sourceTree = "<group>";
		};
		BB523AA22A34E05700DB7F56 /* Let PartyUITests */ = {
			isa = PBXGroup;
			children = (
				BB523AA32A34E05700DB7F56 /* Let_PartyUITests.swift */,
				BB523AA52A34E05700DB7F56 /* Let_PartyUITestsLaunchTests.swift */,
			);
			path = "Let PartyUITests";
			sourceTree = "<group>";
		};
/* End PBXGroup section */

/* Begin PBXNativeTarget section */
		BB523A842A34E05600DB7F56 /* Let Party */ = {
			isa = PBXNativeTarget;
			buildConfigurationList = BB523AA92A34E05700DB7F56 /* Build configuration list for PBXNativeTarget "Let Party" */;
			buildPhases = (
				BB523A812A34E05600DB7F56 /* Sources */,
				BB523A822A34E05600DB7F56 /* Frameworks */,
				BB523A832A34E05600DB7F56 /* Resources */,
			);
			buildRules = (
			);
			dependencies = (
			);
			name = "Let Party";
			productName = "Let Party";
			productReference = BB523A852A34E05600DB7F56 /* Let Party.app */;
			productType = "com.apple.product-type.application";
		};
		BB523A942A34E05700DB7F56 /* Let PartyTests */ = {
			isa = PBXNativeTarget;
			buildConfigurationList = BB523AAC2A34E05700DB7F56 /* Build configuration list for PBXNativeTarget "Let PartyTests" */;
			buildPhases = (
				BB523A912A34E05700DB7F56 /* Sources */,
				BB523A922A34E05700DB7F56 /* Frameworks */,
				BB523A932A34E05700DB7F56 /* Resources */,
			);
			buildRules = (
			);
			dependencies = (
				BB523A972A34E05700DB7F56 /* PBXTargetDependency */,
			);
			name = "Let PartyTests";
			productName = "Let PartyTests";
			productReference = BB523A952A34E05700DB7F56 /* Let PartyTests.xctest */;
			productType = "com.apple.product-type.bundle.unit-test";
		};
		BB523A9E2A34E05700DB7F56 /* Let PartyUITests */ = {
			isa = PBXNativeTarget;
			buildConfigurationList = BB523AAF2A34E05700DB7F56 /* Build configuration list for PBXNativeTarget "Let PartyUITests" */;
			buildPhases = (
				BB523A9B2A34E05700DB7F56 /* Sources */,
				BB523A9C2A34E05700DB7F56 /* Frameworks */,
				BB523A9D2A34E05700DB7F56 /* Resources */,
			);
			buildRules = (
			);
			dependencies = (
				BB523AA12A34E05700DB7F56 /* PBXTargetDependency */,
			);
			name = "Let PartyUITests";
			productName = "Let PartyUITests";
			productReference = BB523A9F2A34E05700DB7F56 /* Let PartyUITests.xctest */;
			productType = "com.apple.product-type.bundle.ui-testing";
		};
/* End PBXNativeTarget section */

/* Begin PBXProject section */
		BB523A7D2A34E05600DB7F56 /* Project object */ = {
			isa = PBXProject;
			attributes = {
				BuildIndependentTargetsInParallel = 1;
				LastSwiftUpdateCheck = 1430;
				LastUpgradeCheck = 1430;
				TargetAttributes = {
					BB523A842A34E05600DB7F56 = {
						CreatedOnToolsVersion = 14.3.1;
					};
					BB523A942A34E05700DB7F56 = {
						CreatedOnToolsVersion = 14.3.1;
						TestTargetID = BB523A842A34E05600DB7F56;
					};
					BB523A9E2A34E05700DB7F56 = {
						CreatedOnToolsVersion = 14.3.1;
						TestTargetID = BB523A842A34E05600DB7F56;
					};
				};
			};
			buildConfigurationList = BB523A802A34E05600DB7F56 /* Build configuration list for PBXProject "Let Party" */;
			compatibilityVersion = "Xcode 14.0";
			developmentRegion = en;
			hasScannedForEncodings = 0;
			knownRegions = (
				en,
				Base,
			);
			mainGroup = BB523A7C2A34E05600DB7F56;
			productRefGroup = BB523A862A34E05600DB7F56 /* Products */;
			projectDirPath = "";
			projectRoot = "";
			targets = (
				BB523A842A34E05600DB7F56 /* Let Party */,
				BB523A942A34E05700DB7F56 /* Let PartyTests */,
				BB523A9E2A34E05700DB7F56 /* Let PartyUITests */,
			);
		};
/* End PBXProject section */

/* Begin PBXResourcesBuildPhase section */
		BB523A832A34E05600DB7F56 /* Resources */ = {
			isa = PBXResourcesBuildPhase;
			buildActionMask = 2147483647;
			files = (
				BB523A902A34E05700DB7F56 /* Preview Assets.xcassets in Resources */,
				BB523A8D2A34E05700DB7F56 /* Assets.xcassets in Resources */,
			);
			runOnlyForDeploymentPostprocessing = 0;
		};
		BB523A932A34E05700DB7F56 /* Resources */ = {
			isa = PBXResourcesBuildPhase;
			buildActionMask = 2147483647;
			files = (
			);
			runOnlyForDeploymentPostprocessing = 0;
		};
		BB523A9D2A34E05700DB7F56 /* Resources */ = {
			isa = PBXResourcesBuildPhase;
			buildActionMask = 2147483647;
			files = (
			);
			runOnlyForDeploymentPostprocessing = 0;
		};
/* End PBXResourcesBuildPhase section */

/* Begin PBXSourcesBuildPhase section */
		BB523A812A34E05600DB7F56 /* Sources */ = {
			isa = PBXSourcesBuildPhase;
			buildActionMask = 2147483647;
			files = (
				BB523A8B2A34E05600DB7F56 /* ContentView.swift in Sources */,
				BB523A892A34E05600DB7F56 /* Let_PartyApp.swift in Sources */,
			);
			runOnlyForDeploymentPostprocessing = 0;
		};
		BB523A912A34E05700DB7F56 /* Sources */ = {
			isa = PBXSourcesBuildPhase;
			buildActionMask = 2147483647;
			files = (
				BB523A9A2A34E05700DB7F56 /* Let_PartyTests.swift in Sources */,
			);
			runOnlyForDeploymentPostprocessing = 0;
		};
		BB523A9B2A34E05700DB7F56 /* Sources */ = {
			isa = PBXSourcesBuildPhase;
			buildActionMask = 2147483647;
			files = (
				BB523AA42A34E05700DB7F56 /* Let_PartyUITests.swift in Sources */,
				BB523AA62A34E05700DB7F56 /* Let_PartyUITestsLaunchTests.swift in Sources */,
			);
			runOnlyForDeploymentPostprocessing = 0;
		};
/* End PBXSourcesBuildPhase section */

/* Begin PBXTargetDependency section */
		BB523A972A34E05700DB7F56 /* PBXTargetDependency */ = {
			isa = PBXTargetDependency;
			target = BB523A842A34E05600DB7F56 /* Let Party */;
			targetProxy = BB523A962A34E05700DB7F56 /* PBXContainerItemProxy */;
		};
		BB523AA12A34E05700DB7F56 /* PBXTargetDependency */ = {
			isa = PBXTargetDependency;
			target = BB523A842A34E05600DB7F56 /* Let Party */;
			targetProxy = BB523AA02A34E05700DB7F56 /* PBXContainerItemProxy */;
		};
/* End PBXTargetDependency section */

/* Begin XCBuildConfiguration section */
		BB523AA72A34E05700DB7F56 /* Debug */ = {
			isa = XCBuildConfiguration;
			buildSettings = {
				ALWAYS_SEARCH_USER_PATHS = NO;
				CLANG_ANALYZER_NONNULL = YES;
				CLANG_ANALYZER_NUMBER_OBJECT_CONVERSION = YES_AGGRESSIVE;
				CLANG_CXX_LANGUAGE_STANDARD = "gnu++20";
				CLANG_ENABLE_MODULES = YES;
				CLANG_ENABLE_OBJC_ARC = YES;
				CLANG_ENABLE_OBJC_WEAK = YES;
				CLANG_WARN_BLOCK_CAPTURE_AUTORELEASING = YES;
				CLANG_WARN_BOOL_CONVERSION = YES;
				CLANG_WARN_COMMA = YES;
				CLANG_WARN_CONSTANT_CONVERSION = YES;
				CLANG_WARN_DEPRECATED_OBJC_IMPLEMENTATIONS = YES;
				CLANG_WARN_DIRECT_OBJC_ISA_USAGE = YES_ERROR;
				CLANG_WARN_DOCUMENTATION_COMMENTS = YES;
				CLANG_WARN_EMPTY_BODY = YES;
				CLANG_WARN_ENUM_CONVERSION = YES;
				CLANG_WARN_INFINITE_RECURSION = YES;
				CLANG_WARN_INT_CONVERSION = YES;
				CLANG_WARN_NON_LITERAL_NULL_CONVERSION = YES;
				CLANG_WARN_OBJC_IMPLICIT_RETAIN_SELF = YES;
				CLANG_WARN_OBJC_LITERAL_CONVERSION = YES;
				CLANG_WARN_OBJC_ROOT_CLASS = YES_ERROR;
				CLANG_WARN_QUOTED_INCLUDE_IN_FRAMEWORK_HEADER = YES;
				CLANG_WARN_RANGE_LOOP_ANALYSIS = YES;
				CLANG_WARN_STRICT_PROTOTYPES = YES;
				CLANG_WARN_SUSPICIOUS_MOVE = YES;
				CLANG_WARN_UNGUARDED_AVAILABILITY = YES_AGGRESSIVE;
				CLANG_WARN_UNREACHABLE_CODE = YES;
				CLANG_WARN__DUPLICATE_METHOD_MATCH = YES;
				COPY_PHASE_STRIP = NO;
				DEBUG_INFORMATION_FORMAT = dwarf;
				ENABLE_STRICT_OBJC_MSGSEND = YES;
				ENABLE_TESTABILITY = YES;
				GCC_C_LANGUAGE_STANDARD = gnu11;
				GCC_DYNAMIC_NO_PIC = NO;
				GCC_NO_COMMON_BLOCKS = YES;
				GCC_OPTIMIZATION_LEVEL = 0;
				GCC_PREPROCESSOR_DEFINITIONS = (
					"DEBUG=1",
					"$(inherited)",
				);
				GCC_WARN_64_TO_32_BIT_CONVERSION = YES;
				GCC_WARN_ABOUT_RETURN_TYPE = YES_ERROR;
				GCC_WARN_UNDECLARED_SELECTOR = YES;
				GCC_WARN_UNINITIALIZED_AUTOS = YES_AGGRESSIVE;
				GCC_WARN_UNUSED_FUNCTION = YES;
				GCC_WARN_UNUSED_VARIABLE = YES;
				IPHONEOS_DEPLOYMENT_TARGET = 16.4;
				MTL_ENABLE_DEBUG_INFO = INCLUDE_SOURCE;
				MTL_FAST_MATH = YES;
				ONLY_ACTIVE_ARCH = YES;
				SDKROOT = iphoneos;
				SWIFT_ACTIVE_COMPILATION_CONDITIONS = DEBUG;
				SWIFT_OPTIMIZATION_LEVEL = "-Onone";
			};
			name = Debug;
		};
		BB523AA82A34E05700DB7F56 /* Release */ = {
			isa = XCBuildConfiguration;
			buildSettings = {
				ALWAYS_SEARCH_USER_PATHS = NO;
				CLANG_ANALYZER_NONNULL = YES;
				CLANG_ANALYZER_NUMBER_OBJECT_CONVERSION = YES_AGGRESSIVE;
				CLANG_CXX_LANGUAGE_STANDARD = "gnu++20";
				CLANG_ENABLE_MODULES = YES;
				CLANG_ENABLE_OBJC_ARC = YES;
				CLANG_ENABLE_OBJC_WEAK = YES;
				CLANG_WARN_BLOCK_CAPTURE_AUTORELEASING = YES;
				CLANG_WARN_BOOL_CONVERSION = YES;
				CLANG_WARN_COMMA = YES;
				CLANG_WARN_CONSTANT_CONVERSION = YES;
				CLANG_WARN_DEPRECATED_OBJC_IMPLEMENTATIONS = YES;
				CLANG_WARN_DIRECT_OBJC_ISA_USAGE = YES_ERROR;
				CLANG_WARN_DOCUMENTATION_COMMENTS = YES;
				CLANG_WARN_EMPTY_BODY = YES;
				CLANG_WARN_ENUM_CONVERSION = YES;
				CLANG_WARN_INFINITE_RECURSION = YES;
				CLANG_WARN_INT_CONVERSION = YES;
				CLANG_WARN_NON_LITERAL_NULL_CONVERSION = YES;
				CLANG_WARN_OBJC_IMPLICIT_RETAIN_SELF = YES;
				CLANG_WARN_OBJC_LITERAL_CONVERSION = YES;
				CLANG_WARN_OBJC_ROOT_CLASS = YES_ERROR;
				CLANG_WARN_QUOTED_INCLUDE_IN_FRAMEWORK_HEADER = YES;
				CLANG_WARN_RANGE_LOOP_ANALYSIS = YES;
				CLANG_WARN_STRICT_PROTOTYPES = YES;
				CLANG_WARN_SUSPICIOUS_MOVE = YES;
				CLANG_WARN_UNGUARDED_AVAILABILITY = YES_AGGRESSIVE;
				CLANG_WARN_UNREACHABLE_CODE = YES;
				CLANG_WARN__DUPLICATE_METHOD_MATCH = YES;
				COPY_PHASE_STRIP = NO;
				DEBUG_INFORMATION_FORMAT = "dwarf-with-dsym";
				ENABLE_NS_ASSERTIONS = NO;
				ENABLE_STRICT_OBJC_MSGSEND = YES;
				GCC_C_LANGUAGE_STANDARD = gnu11;
				GCC_NO_COMMON_BLOCKS = YES;
				GCC_WARN_64_TO_32_BIT_CONVERSION = YES;
				GCC_WARN_ABOUT_RETURN_TYPE = YES_ERROR;
				GCC_WARN_UNDECLARED_SELECTOR = YES;
				GCC_WARN_UNINITIALIZED_AUTOS = YES_AGGRESSIVE;
				GCC_WARN_UNUSED_FUNCTION = YES;
				GCC_WARN_UNUSED_VARIABLE = YES;
				IPHONEOS_DEPLOYMENT_TARGET = 16.4;
				MTL_ENABLE_DEBUG_INFO = NO;
				MTL_FAST_MATH = YES;
				SDKROOT = iphoneos;
				SWIFT_COMPILATION_MODE = wholemodule;
				SWIFT_OPTIMIZATION_LEVEL = "-O";
				VALIDATE_PRODUCT = YES;
			};
			name = Release;
		};
		BB523AAA2A34E05700DB7F56 /* Debug */ = {
			isa = XCBuildConfiguration;
			buildSettings = {
				ASSETCATALOG_COMPILER_APPICON_NAME = AppIcon;
				ASSETCATALOG_COMPILER_GLOBAL_ACCENT_COLOR_NAME = AccentColor;
				CODE_SIGN_STYLE = Automatic;
				CURRENT_PROJECT_VERSION = 1;
				DEVELOPMENT_ASSET_PATHS = "\"Let Party/Preview Content\"";
				DEVELOPMENT_TEAM = 3HD2DR99MJ;
				ENABLE_PREVIEWS = YES;
				GENERATE_INFOPLIST_FILE = YES;
				INFOPLIST_KEY_UIApplicationSceneManifest_Generation = YES;
				INFOPLIST_KEY_UIApplicationSupportsIndirectInputEvents = YES;
				INFOPLIST_KEY_UILaunchScreen_Generation = YES;
				INFOPLIST_KEY_UISupportedInterfaceOrientations_iPad = "UIInterfaceOrientationPortrait UIInterfaceOrientationPortraitUpsideDown UIInterfaceOrientationLandscapeLeft UIInterfaceOrientationLandscapeRight";
				INFOPLIST_KEY_UISupportedInterfaceOrientations_iPhone = "UIInterfaceOrientationPortrait UIInterfaceOrientationLandscapeLeft UIInterfaceOrientationLandscapeRight";
				LD_RUNPATH_SEARCH_PATHS = (
					"$(inherited)",
					"@executable_path/Frameworks",
				);
				MARKETING_VERSION = 1.0;
				PRODUCT_BUNDLE_IDENTIFIER = "firstConsole.Let-Party";
				PRODUCT_NAME = "$(TARGET_NAME)";
				SWIFT_EMIT_LOC_STRINGS = YES;
				SWIFT_VERSION = 5.0;
				TARGETED_DEVICE_FAMILY = "1,2";
			};
			name = Debug;
		};
		BB523AAB2A34E05700DB7F56 /* Release */ = {
			isa = XCBuildConfiguration;
			buildSettings = {
				ASSETCATALOG_COMPILER_APPICON_NAME = AppIcon;
				ASSETCATALOG_COMPILER_GLOBAL_ACCENT_COLOR_NAME = AccentColor;
				CODE_SIGN_STYLE = Automatic;
				CURRENT_PROJECT_VERSION = 1;
				DEVELOPMENT_ASSET_PATHS = "\"Let Party/Preview Content\"";
				DEVELOPMENT_TEAM = 3HD2DR99MJ;
				ENABLE_PREVIEWS = YES;
				GENERATE_INFOPLIST_FILE = YES;
				INFOPLIST_KEY_UIApplicationSceneManifest_Generation = YES;
				INFOPLIST_KEY_UIApplicationSupportsIndirectInputEvents = YES;
				INFOPLIST_KEY_UILaunchScreen_Generation = YES;
				INFOPLIST_KEY_UISupportedInterfaceOrientations_iPad = "UIInterfaceOrientationPortrait UIInterfaceOrientationPortraitUpsideDown UIInterfaceOrientationLandscapeLeft UIInterfaceOrientationLandscapeRight";
				INFOPLIST_KEY_UISupportedInterfaceOrientations_iPhone = "UIInterfaceOrientationPortrait UIInterfaceOrientationLandscapeLeft UIInterfaceOrientationLandscapeRight";
				LD_RUNPATH_SEARCH_PATHS = (
					"$(inherited)",
					"@executable_path/Frameworks",
				);
				MARKETING_VERSION = 1.0;
				PRODUCT_BUNDLE_IDENTIFIER = "firstConsole.Let-Party";
				PRODUCT_NAME = "$(TARGET_NAME)";
				SWIFT_EMIT_LOC_STRINGS = YES;
				SWIFT_VERSION = 5.0;
				TARGETED_DEVICE_FAMILY = "1,2";
			};
			name = Release;
		};
		BB523AAD2A34E05700DB7F56 /* Debug */ = {
			isa = XCBuildConfiguration;
			buildSettings = {
				ALWAYS_EMBED_SWIFT_STANDARD_LIBRARIES = YES;
				BUNDLE_LOADER = "$(TEST_HOST)";
				CODE_SIGN_STYLE = Automatic;
				CURRENT_PROJECT_VERSION = 1;
				DEVELOPMENT_TEAM = 3HD2DR99MJ;
				GENERATE_INFOPLIST_FILE = YES;
				IPHONEOS_DEPLOYMENT_TARGET = 16.4;
				MARKETING_VERSION = 1.0;
				PRODUCT_BUNDLE_IDENTIFIER = "firstConsole.Let-PartyTests";
				PRODUCT_NAME = "$(TARGET_NAME)";
				SWIFT_EMIT_LOC_STRINGS = NO;
				SWIFT_VERSION = 5.0;
				TARGETED_DEVICE_FAMILY = "1,2";
				TEST_HOST = "$(BUILT_PRODUCTS_DIR)/Let Party.app/$(BUNDLE_EXECUTABLE_FOLDER_PATH)/Let Party";
			};
			name = Debug;
		};
		BB523AAE2A34E05700DB7F56 /* Release */ = {
			isa = XCBuildConfiguration;
			buildSettings = {
				ALWAYS_EMBED_SWIFT_STANDARD_LIBRARIES = YES;
				BUNDLE_LOADER = "$(TEST_HOST)";
				CODE_SIGN_STYLE = Automatic;
				CURRENT_PROJECT_VERSION = 1;
				DEVELOPMENT_TEAM = 3HD2DR99MJ;
				GENERATE_INFOPLIST_FILE = YES;
				IPHONEOS_DEPLOYMENT_TARGET = 16.4;
				MARKETING_VERSION = 1.0;
				PRODUCT_BUNDLE_IDENTIFIER = "firstConsole.Let-PartyTests";
				PRODUCT_NAME = "$(TARGET_NAME)";
				SWIFT_EMIT_LOC_STRINGS = NO;
				SWIFT_VERSION = 5.0;
				TARGETED_DEVICE_FAMILY = "1,2";
				TEST_HOST = "$(BUILT_PRODUCTS_DIR)/Let Party.app/$(BUNDLE_EXECUTABLE_FOLDER_PATH)/Let Party";
			};
			name = Release;
		};
		BB523AB02A34E05700DB7F56 /* Debug */ = {
			isa = XCBuildConfiguration;
			buildSettings = {
				ALWAYS_EMBED_SWIFT_STANDARD_LIBRARIES = YES;
				CODE_SIGN_STYLE = Automatic;
				CURRENT_PROJECT_VERSION = 1;
				DEVELOPMENT_TEAM = 3HD2DR99MJ;
				GENERATE_INFOPLIST_FILE = YES;
				MARKETING_VERSION = 1.0;
				PRODUCT_BUNDLE_IDENTIFIER = "firstConsole.Let-PartyUITests";
				PRODUCT_NAME = "$(TARGET_NAME)";
				SWIFT_EMIT_LOC_STRINGS = NO;
				SWIFT_VERSION = 5.0;
				TARGETED_DEVICE_FAMILY = "1,2";
				TEST_TARGET_NAME = "Let Party";
			};
			name = Debug;
		};
		BB523AB12A34E05700DB7F56 /* Release */ = {
			isa = XCBuildConfiguration;
			buildSettings = {
				ALWAYS_EMBED_SWIFT_STANDARD_LIBRARIES = YES;
				CODE_SIGN_STYLE = Automatic;
				CURRENT_PROJECT_VERSION = 1;
				DEVELOPMENT_TEAM = 3HD2DR99MJ;
				GENERATE_INFOPLIST_FILE = YES;
				MARKETING_VERSION = 1.0;
				PRODUCT_BUNDLE_IDENTIFIER = "firstConsole.Let-PartyUITests";
				PRODUCT_NAME = "$(TARGET_NAME)";
				SWIFT_EMIT_LOC_STRINGS = NO;
				SWIFT_VERSION = 5.0;
				TARGETED_DEVICE_FAMILY = "1,2";
				TEST_TARGET_NAME = "Let Party";
			};
			name = Release;
		};
/* End XCBuildConfiguration section */

/* Begin XCConfigurationList section */
		BB523A802A34E05600DB7F56 /* Build configuration list for PBXProject "Let Party" */ = {
			isa = XCConfigurationList;
			buildConfigurations = (
				BB523AA72A34E05700DB7F56 /* Debug */,
				BB523AA82A34E05700DB7F56 /* Release */,
			);
			defaultConfigurationIsVisible = 0;
			defaultConfigurationName = Release;
		};
		BB523AA92A34E05700DB7F56 /* Build configuration list for PBXNativeTarget "Let Party" */ = {
			isa = XCConfigurationList;
			buildConfigurations = (
				BB523AAA2A34E05700DB7F56 /* Debug */,
				BB523AAB2A34E05700DB7F56 /* Release */,
			);
			defaultConfigurationIsVisible = 0;
			defaultConfigurationName = Release;
		};
		BB523AAC2A34E05700DB7F56 /* Build configuration list for PBXNativeTarget "Let PartyTests" */ = {
			isa = XCConfigurationList;
			buildConfigurations = (
				BB523AAD2A34E05700DB7F56 /* Debug */,
				BB523AAE2A34E05700DB7F56 /* Release */,
			);
			defaultConfigurationIsVisible = 0;
			defaultConfigurationName = Release;
		};
		BB523AAF2A34E05700DB7F56 /* Build configuration list for PBXNativeTarget "Let PartyUITests" */ = {
			isa = XCConfigurationList;
			buildConfigurations = (
				BB523AB02A34E05700DB7F56 /* Debug */,
				BB523AB12A34E05700DB7F56 /* Release */,
			);
			defaultConfigurationIsVisible = 0;
			defaultConfigurationName = Release;
		};
/* End XCConfigurationList section */
	};
	rootObject = BB523A7D2A34E05600DB7F56 /* Project object */;
}
